
Microsoft Visual Studio Solution File, Format Version 12.00
# Visual Studio Version 16
VisualStudioVersion = 16.0.32929.386
MinimumVisualStudioVersion = 10.0.40219.1
Project("{FAE04EC0-301F-11D3-BF4B-00C04F79EFBC}") = "Hetek_elemzések", "Hetek_elemzések\Hetek_elemzések.csproj", "{9EF3F581-3E5B-4897-8744-057F8E1C0DAF}"
EndProject
Global
	GlobalSection(SolutionConfigurationPlatforms) = preSolution
		Debug|Any CPU = Debug|Any CPU
		Release|Any CPU = Release|Any CPU
	EndGlobalSection
	GlobalSection(ProjectConfigurationPlatforms) = postSolution
		{9EF3F581-3E5B-4897-8744-057F8E1C0DAF}.Debug|Any CPU.ActiveCfg = Debug|Any CPU
		{9EF3F581-3E5B-4897-8744-057F8E1C0DAF}.Debug|Any CPU.Build.0 = Debug|Any CPU
		{9EF3F581-3E5B-4897-8744-057F8E1C0DAF}.Release|Any CPU.ActiveCfg = Release|Any CPU
		{9EF3F581-3E5B-4897-8744-057F8E1C0DAF}.Release|Any CPU.Build.0 = Release|Any CPU
	EndGlobalSection
	GlobalSection(SolutionProperties) = preSolution
		HideSolutionNode = FALSE
	EndGlobalSection
	GlobalSection(ExtensibilityGlobals) = postSolution
		SolutionGuid = {EE855FF8-CE4A-47C1-A818-141008AB6279}
	EndGlobalSection
EndGlobal
