
Microsoft Visual Studio Solution File, Format Version 12.00
# Visual Studio Version 16
VisualStudioVersion = 16.0.32929.386
MinimumVisualStudioVersion = 10.0.40219.1
Project("{FAE04EC0-301F-11D3-BF4B-00C04F79EFBC}") = "halott", "halott\halott.csproj", "{2317F278-6D94-4DEA-9EA5-B0D1CA771608}"
EndProject
Global
	GlobalSection(SolutionConfigurationPlatforms) = preSolution
		Debug|Any CPU = Debug|Any CPU
		Release|Any CPU = Release|Any CPU
	EndGlobalSection
	GlobalSection(ProjectConfigurationPlatforms) = postSolution
		{2317F278-6D94-4DEA-9EA5-B0D1CA771608}.Debug|Any CPU.ActiveCfg = Debug|Any CPU
		{2317F278-6D94-4DEA-9EA5-B0D1CA771608}.Debug|Any CPU.Build.0 = Debug|Any CPU
		{2317F278-6D94-4DEA-9EA5-B0D1CA771608}.Release|Any CPU.ActiveCfg = Release|Any CPU
		{2317F278-6D94-4DEA-9EA5-B0D1CA771608}.Release|Any CPU.Build.0 = Release|Any CPU
	EndGlobalSection
	GlobalSection(SolutionProperties) = preSolution
		HideSolutionNode = FALSE
	EndGlobalSection
	GlobalSection(ExtensibilityGlobals) = postSolution
		SolutionGuid = {A0F2B5AB-B496-42F6-A5DD-37374F22130C}
	EndGlobalSection
EndGlobal
